
Microsoft Visual Studio Solution File, Format Version 12.00
# Visual Studio Version 17
VisualStudioVersion = 17.1.32319.34
MinimumVisualStudioVersion = 10.0.40219.1
Project("{9A19103F-16F7-4668-BE54-9A1E7A4F7556}") = "TemperatureConverter", "TemperatureConverter\TemperatureConverter.csproj", "{0E9E1DCD-1B82-4480-9C06-46180DC60E6E}"
EndProject
Project("{9A19103F-16F7-4668-BE54-9A1E7A4F7556}") = "TemperatureConverter.Unit.Tests", "TemperatureConverter.Unit.Tests\TemperatureConverter.Unit.Tests.csproj", "{F73CE022-DAF0-4D30-9838-39386EA8FDFF}"
EndProject
Project("{9A19103F-16F7-4668-BE54-9A1E7A4F7556}") = "TemperatureConverter.Integration.Tests", "TemperatureConverter.Integration.Tests\TemperatureConverter.Integration.Tests.csproj", "{72FE5B23-F1B6-462C-8282-5BA4EBACB088}"
EndProject
Global
	GlobalSection(SolutionConfigurationPlatforms) = preSolution
		Debug|Any CPU = Debug|Any CPU
		Release|Any CPU = Release|Any CPU
	EndGlobalSection
	GlobalSection(ProjectConfigurationPlatforms) = postSolution
		{0E9E1DCD-1B82-4480-9C06-46180DC60E6E}.Debug|Any CPU.ActiveCfg = Debug|Any CPU
		{0E9E1DCD-1B82-4480-9C06-46180DC60E6E}.Debug|Any CPU.Build.0 = Debug|Any CPU
		{0E9E1DCD-1B82-4480-9C06-46180DC60E6E}.Release|Any CPU.ActiveCfg = Release|Any CPU
		{0E9E1DCD-1B82-4480-9C06-46180DC60E6E}.Release|Any CPU.Build.0 = Release|Any CPU
		{F73CE022-DAF0-4D30-9838-39386EA8FDFF}.Debug|Any CPU.ActiveCfg = Debug|Any CPU
		{F73CE022-DAF0-4D30-9838-39386EA8FDFF}.Debug|Any CPU.Build.0 = Debug|Any CPU
		{F73CE022-DAF0-4D30-9838-39386EA8FDFF}.Release|Any CPU.ActiveCfg = Release|Any CPU
		{F73CE022-DAF0-4D30-9838-39386EA8FDFF}.Release|Any CPU.Build.0 = Release|Any CPU
		{72FE5B23-F1B6-462C-8282-5BA4EBACB088}.Debug|Any CPU.ActiveCfg = Debug|Any CPU
		{72FE5B23-F1B6-462C-8282-5BA4EBACB088}.Debug|Any CPU.Build.0 = Debug|Any CPU
		{72FE5B23-F1B6-462C-8282-5BA4EBACB088}.Release|Any CPU.ActiveCfg = Release|Any CPU
		{72FE5B23-F1B6-462C-8282-5BA4EBACB088}.Release|Any CPU.Build.0 = Release|Any CPU
	EndGlobalSection
	GlobalSection(SolutionProperties) = preSolution
		HideSolutionNode = FALSE
	EndGlobalSection
	GlobalSection(ExtensibilityGlobals) = postSolution
		SolutionGuid = {1ACFF1B9-6789-459E-B135-9CCD19DFBFE5}
	EndGlobalSection
EndGlobal
